
Microsoft Visual Studio Solution File, Format Version 12.00
# Visual Studio 15
VisualStudioVersion = 15.0.28307.102
MinimumVisualStudioVersion = 10.0.40219.1
Project("{FAE04EC0-301F-11D3-BF4B-00C04F79EFBC}") = "esp-poc-plugin", "esp-poc-plugin\esp-poc-plugin.csproj", "{F7CD8B5D-3F20-4941-A4F9-EB22DF7157AF}"
EndProject
Global
	GlobalSection(SolutionConfigurationPlatforms) = preSolution
		Debug|Any CPU = Debug|Any CPU
		Debug|x64 = Debug|x64
		Release|Any CPU = Release|Any CPU
		Release|x64 = Release|x64
	EndGlobalSection
	GlobalSection(ProjectConfigurationPlatforms) = postSolution
		{F7CD8B5D-3F20-4941-A4F9-EB22DF7157AF}.Debug|Any CPU.ActiveCfg = Debug|Any CPU
		{F7CD8B5D-3F20-4941-A4F9-EB22DF7157AF}.Debug|Any CPU.Build.0 = Debug|Any CPU
		{F7CD8B5D-3F20-4941-A4F9-EB22DF7157AF}.Debug|x64.ActiveCfg = Debug|x64
		{F7CD8B5D-3F20-4941-A4F9-EB22DF7157AF}.Debug|x64.Build.0 = Debug|x64
		{F7CD8B5D-3F20-4941-A4F9-EB22DF7157AF}.Release|Any CPU.ActiveCfg = Release|Any CPU
		{F7CD8B5D-3F20-4941-A4F9-EB22DF7157AF}.Release|Any CPU.Build.0 = Release|Any CPU
		{F7CD8B5D-3F20-4941-A4F9-EB22DF7157AF}.Release|x64.ActiveCfg = Release|x64
		{F7CD8B5D-3F20-4941-A4F9-EB22DF7157AF}.Release|x64.Build.0 = Release|x64
	EndGlobalSection
	GlobalSection(SolutionProperties) = preSolution
		HideSolutionNode = FALSE
	EndGlobalSection
	GlobalSection(ExtensibilityGlobals) = postSolution
		SolutionGuid = {BEEA81EF-6356-4C8B-B1DF-FBDF381CC589}
	EndGlobalSection
EndGlobal
